Microsoft Visual Studio Solution File, Format Version 12.00
# Visual Studio Version 17
VisualStudioVersion = 17.5.2.0
MinimumVisualStudioVersion = 10.0.40219.1
Project("{FAE04EC0-301F-11D3-BF4B-00C04F79EFBC}") = "CityFix.Api", "CityFix.Api\CityFix.Api.csproj", "{38E88F36-B59E-2BF7-8704-D17219CD776E}"
EndProject
Project("{2150E333-8FDC-42A3-9474-1A3956D46DE8}") = "tests", "tests", "{0AB3BF05-4346-4AA6-1389-037BE0695223}"
EndProject
Project("{FAE04EC0-301F-11D3-BF4B-00C04F79EFBC}") = "CityFix.Api.Tests", "tests\CityFix.Api.Tests\CityFix.Api.Tests.csproj", "{106EF40B-79CE-26EE-2015-EC4DF70D6C7E}"
EndProject
Global
	GlobalSection(SolutionConfigurationPlatforms) = preSolution
		Debug|Any CPU = Debug|Any CPU
		Release|Any CPU = Release|Any CPU
	EndGlobalSection
	GlobalSection(ProjectConfigurationPlatforms) = postSolution
		{38E88F36-B59E-2BF7-8704-D17219CD776E}.Debug|Any CPU.ActiveCfg = Debug|Any CPU
		{38E88F36-B59E-2BF7-8704-D17219CD776E}.Debug|Any CPU.Build.0 = Debug|Any CPU
		{38E88F36-B59E-2BF7-8704-D17219CD776E}.Release|Any CPU.ActiveCfg = Release|Any CPU
		{38E88F36-B59E-2BF7-8704-D17219CD776E}.Release|Any CPU.Build.0 = Release|Any CPU
		{106EF40B-79CE-26EE-2015-EC4DF70D6C7E}.Debug|Any CPU.ActiveCfg = Debug|Any CPU
		{106EF40B-79CE-26EE-2015-EC4DF70D6C7E}.Debug|Any CPU.Build.0 = Debug|Any CPU
		{106EF40B-79CE-26EE-2015-EC4DF70D6C7E}.Release|Any CPU.ActiveCfg = Release|Any CPU
		{106EF40B-79CE-26EE-2015-EC4DF70D6C7E}.Release|Any CPU.Build.0 = Release|Any CPU
	EndGlobalSection
	GlobalSection(SolutionProperties) = preSolution
		HideSolutionNode = FALSE
	EndGlobalSection
	GlobalSection(NestedProjects) = preSolution
		{106EF40B-79CE-26EE-2015-EC4DF70D6C7E} = {0AB3BF05-4346-4AA6-1389-037BE0695223}
	EndGlobalSection
	GlobalSection(ExtensibilityGlobals) = postSolution
		SolutionGuid = {432B4B18-C645-4D10-88FE-72890A91B817}
	EndGlobalSection
EndGlobal
